// !$*UTF8*$!
{
	archiveVersion = 1;
	classes = {
	};
	objectVersion = 54;
	objects = {

/* Begin PBXBuildFile section */
		00E356F31AD99517003FC87E /* GoGoTravelAppTests.m in Sources */ = {isa = PBXBuildFile; fileRef = 00E356F21AD99517003FC87E /* GoGoTravelAppTests.m */; };
		0C80B921A6F3F58F76C31292 /* libPods-GoGoTravelApp.a in Frameworks */ = {isa = PBXBuildFile; fileRef = 5DCACB8F33CDC322A6C60F78 /* libPods-GoGoTravelApp.a */; };
		13B07FBC1A68108700A75B9A /* AppDelegate.mm in Sources */ = {isa = PBXBuildFile; fileRef = 13B07FB01A68108700A75B9A /* AppDelegate.mm */; };
		13B07FBF1A68108700A75B9A /* Images.xcassets in Resources */ = {isa = PBXBuildFile; fileRef = 13B07FB51A68108700A75B9A /* Images.xcassets */; };
		13B07FC11A68108700A75B9A /* main.m in Sources */ = {isa = PBXBuildFile; fileRef = 13B07FB71A68108700A75B9A /* main.m */; };
		7699B88040F8A987B510C191 /* libPods-GoGoTravelApp-GoGoTravelAppTests.a in Frameworks */ = {isa = PBXBuildFile; fileRef = 19F6CBCC0A4E27FBF8BF4A61 /* libPods-GoGoTravelApp-GoGoTravelAppTests.a */; };
		81AB9BB82411601600AC10FF /* LaunchScreen.storyboard in Resources */ = {isa = PBXBuildFile; fileRef = 81AB9BB72411601600AC10FF /* LaunchScreen.storyboard */; };
		53702B1CBBED42F4AA5F2E0C /* BeVietnamPro-Black.ttf in Resources */ = {isa = PBXBuildFile; fileRef = 849F92DA5E4E48ADA5EF1DE7 /* BeVietnamPro-Black.ttf */; };
		DCCF69A7BB26434A843307DB /* BeVietnamPro-BlackItalic.ttf in Resources */ = {isa = PBXBuildFile; fileRef = 1243C0091F214D93A1BCB8A4 /* BeVietnamPro-BlackItalic.ttf */; };
		7F5021CF794A4B33BD9D5419 /* BeVietnamPro-Bold.ttf in Resources */ = {isa = PBXBuildFile; fileRef = 669D1EE0B81C43D2AC4CA0B2 /* BeVietnamPro-Bold.ttf */; };
		E21E168CE0A1410291A72AE4 /* BeVietnamPro-BoldItalic.ttf in Resources */ = {isa = PBXBuildFile; fileRef = 9CEE38CC03C24082BDB3F757 /* BeVietnamPro-BoldItalic.ttf */; };
		FE64CF97C78B4A67B516E3F4 /* BeVietnamPro-ExtraBold.ttf in Resources */ = {isa = PBXBuildFile; fileRef = 8025DC757AB440AFBF60144F /* BeVietnamPro-ExtraBold.ttf */; };
		B0E2361F42BA49E782B8AC5D /* BeVietnamPro-ExtraBoldItalic.ttf in Resources */ = {isa = PBXBuildFile; fileRef = A98C315D7BF449A1A5BADC25 /* BeVietnamPro-ExtraBoldItalic.ttf */; };
		88AE39A73A9E460EADFEBBC9 /* BeVietnamPro-ExtraLight.ttf in Resources */ = {isa = PBXBuildFile; fileRef = AF09DCFADA2B425E9764E57E /* BeVietnamPro-ExtraLight.ttf */; };
		6DBFBA6A18CF4EA4B789B51B /* BeVietnamPro-ExtraLightItalic.ttf in Resources */ = {isa = PBXBuildFile; fileRef = 7987868FC7194016874B897F /* BeVietnamPro-ExtraLightItalic.ttf */; };
		3522510568814F7E8ABBD7AA /* BeVietnamPro-Italic.ttf in Resources */ = {isa = PBXBuildFile; fileRef = 63D6CAFF2623405E871685F4 /* BeVietnamPro-Italic.ttf */; };
		70EED863F21E462FB86CBF78 /* BeVietnamPro-Light.ttf in Resources */ = {isa = PBXBuildFile; fileRef = 474B57C82BAE4B678D25935D /* BeVietnamPro-Light.ttf */; };
		0D17B3B0B5BE441FAE5011EE /* BeVietnamPro-LightItalic.ttf in Resources */ = {isa = PBXBuildFile; fileRef = 204037BFD0C8422DAFB4667D /* BeVietnamPro-LightItalic.ttf */; };
		344CF7F7B5F14D6F8A2BCF3C /* BeVietnamPro-Medium.ttf in Resources */ = {isa = PBXBuildFile; fileRef = 38286A378950458F8978541A /* BeVietnamPro-Medium.ttf */; };
		60832FFAC5464703873BEBA6 /* BeVietnamPro-MediumItalic.ttf in Resources */ = {isa = PBXBuildFile; fileRef = 70DD7949CDBC45C085535D61 /* BeVietnamPro-MediumItalic.ttf */; };
		E36549BD0B984AF0BA4CFBED /* BeVietnamPro-Regular.ttf in Resources */ = {isa = PBXBuildFile; fileRef = 16156363FB1446A4BF0E676D /* BeVietnamPro-Regular.ttf */; };
		A2E2A1B4B1D642AC9681EAC2 /* BeVietnamPro-SemiBold.ttf in Resources */ = {isa = PBXBuildFile; fileRef = 4F847048A7D04DC8993B7DCA /* BeVietnamPro-SemiBold.ttf */; };
		C2790FDBCB8B4E4382255814 /* BeVietnamPro-SemiBoldItalic.ttf in Resources */ = {isa = PBXBuildFile; fileRef = D0307E5D7E0C4E9692F03989 /* BeVietnamPro-SemiBoldItalic.ttf */; };
		FD636A5308D84105982641A7 /* BeVietnamPro-Thin.ttf in Resources */ = {isa = PBXBuildFile; fileRef = 6407A39AE5A54527B8705ECB /* BeVietnamPro-Thin.ttf */; };
		95DD7D6115FF411283AF914A /* BeVietnamPro-ThinItalic.ttf in Resources */ = {isa = PBXBuildFile; fileRef = E1F7EED8193B4D59B6616FBE /* BeVietnamPro-ThinItalic.ttf */; };
		6FAD2CB846A64B889E307867 /* Montserrat-Black.ttf in Resources */ = {isa = PBXBuildFile; fileRef = 3D66DB1437D8402AA49D2017 /* Montserrat-Black.ttf */; };
		9DC44CBE6E984F318F492291 /* Montserrat-BlackItalic.ttf in Resources */ = {isa = PBXBuildFile; fileRef = 7434F7957F2340F1A3F0D669 /* Montserrat-BlackItalic.ttf */; };
		98294412ECBE460BBA59653F /* Montserrat-Bold.ttf in Resources */ = {isa = PBXBuildFile; fileRef = 38BF3346478A472BB59D37D7 /* Montserrat-Bold.ttf */; };
		1B9F3179CE1F419B9767764B /* Montserrat-BoldItalic.ttf in Resources */ = {isa = PBXBuildFile; fileRef = 5F80E21699B84779A44C89DE /* Montserrat-BoldItalic.ttf */; };
		CD380D433D13419799367151 /* Montserrat-ExtraBold.ttf in Resources */ = {isa = PBXBuildFile; fileRef = D7A6B3D901ED4ABB9C141EBB /* Montserrat-ExtraBold.ttf */; };
		7ACFAB2239E4453BB9AC72C8 /* Montserrat-ExtraBoldItalic.ttf in Resources */ = {isa = PBXBuildFile; fileRef = 17938EE4D81244A4A16F6522 /* Montserrat-ExtraBoldItalic.ttf */; };
		139DF523A3934460A9B2B6FC /* Montserrat-ExtraLight.ttf in Resources */ = {isa = PBXBuildFile; fileRef = 2D9641C514464A64BCD6A451 /* Montserrat-ExtraLight.ttf */; };
		5A7B68B29A7F490985482A27 /* Montserrat-ExtraLightItalic.ttf in Resources */ = {isa = PBXBuildFile; fileRef = C286B6E32AFD4C73959C5F76 /* Montserrat-ExtraLightItalic.ttf */; };
		EF04A62505A74946B688DA25 /* Montserrat-Italic-VariableFont_wght.ttf in Resources */ = {isa = PBXBuildFile; fileRef = 5B1069ADD8CD4E59AC77C2EB /* Montserrat-Italic-VariableFont_wght.ttf */; };
		9063C83E9152427390DC0BFD /* Montserrat-Italic.ttf in Resources */ = {isa = PBXBuildFile; fileRef = A49B73105760454FB19A2162 /* Montserrat-Italic.ttf */; };
		014C740D41C14F209040C514 /* Montserrat-Light.ttf in Resources */ = {isa = PBXBuildFile; fileRef = D3FCA9663579422781ECA518 /* Montserrat-Light.ttf */; };
		296BC8D9ADC5466CA361CAC2 /* Montserrat-LightItalic.ttf in Resources */ = {isa = PBXBuildFile; fileRef = 4ED919567B9343969983FA52 /* Montserrat-LightItalic.ttf */; };
		9CB9B5442E7E41BBB02397B8 /* Montserrat-Medium.ttf in Resources */ = {isa = PBXBuildFile; fileRef = 1C649EB4521C466D939CF754 /* Montserrat-Medium.ttf */; };
		8E75E952FD444F9FA3CD2E31 /* Montserrat-MediumItalic.ttf in Resources */ = {isa = PBXBuildFile; fileRef = D90A5A2911784E9EACD029B3 /* Montserrat-MediumItalic.ttf */; };
		2CA8DCED0DD9441A8F268CD5 /* Montserrat-Regular.ttf in Resources */ = {isa = PBXBuildFile; fileRef = 4046CC20989E4D919D10FE42 /* Montserrat-Regular.ttf */; };
		3389CF47434948299ED2EDDA /* Montserrat-SemiBold.ttf in Resources */ = {isa = PBXBuildFile; fileRef = 8C071F2A91C246FB98B667D5 /* Montserrat-SemiBold.ttf */; };
		E7F400E0D9704D45B170F880 /* Montserrat-SemiBoldItalic.ttf in Resources */ = {isa = PBXBuildFile; fileRef = AD8CA1C819F24B1EA0510A60 /* Montserrat-SemiBoldItalic.ttf */; };
		E1B3D1483D874B138178FF47 /* Montserrat-Thin.ttf in Resources */ = {isa = PBXBuildFile; fileRef = 2300D0FED9C74075A1BEDFEB /* Montserrat-Thin.ttf */; };
		D8593CBA2E514E3AAB28650B /* Montserrat-ThinItalic.ttf in Resources */ = {isa = PBXBuildFile; fileRef = BBA2E95AFEF64577844C8E96 /* Montserrat-ThinItalic.ttf */; };
		19299914AE9D4394902B4221 /* Montserrat-VariableFont_wght.ttf in Resources */ = {isa = PBXBuildFile; fileRef = 5F312C90F00C4E519B80D37B /* Montserrat-VariableFont_wght.ttf */; };
		6C2A08FFAE254F6A92C4DAA1 /* OFL.txt in Resources */ = {isa = PBXBuildFile; fileRef = CE75E816884E4D5199D1DDC4 /* OFL.txt */; };
		01ED6738B4AC4ED7963B39E5 /* README.txt in Resources */ = {isa = PBXBuildFile; fileRef = A4997D01B2EA4CDDB0E9D4FD /* README.txt */; };
/* End PBXBuildFile section */

/* Begin PBXContainerItemProxy section */
		00E356F41AD99517003FC87E /* PBXContainerItemProxy */ = {
			isa = PBXContainerItemProxy;
			containerPortal = 83CBB9F71A601CBA00E9B192 /* Project object */;
			proxyType = 1;
			remoteGlobalIDString = 13B07F861A680F5B00A75B9A;
			remoteInfo = GoGoTravelApp;
		};
/* End PBXContainerItemProxy section */

/* Begin PBXFileReference section */
		00E356EE1AD99517003FC87E /* GoGoTravelAppTests.xctest */ = {isa = PBXFileReference; explicitFileType = wrapper.cfbundle; includeInIndex = 0; path = GoGoTravelAppTests.xctest; sourceTree = BUILT_PRODUCTS_DIR; };
		00E356F11AD99517003FC87E /* Info.plist */ = {isa = PBXFileReference; lastKnownFileType = text.plist.xml; path = Info.plist; sourceTree = "<group>"; };
		00E356F21AD99517003FC87E /* GoGoTravelAppTests.m */ = {isa = PBXFileReference; lastKnownFileType = sourcecode.c.objc; path = GoGoTravelAppTests.m; sourceTree = "<group>"; };
		13B07F961A680F5B00A75B9A /* GoGoTravelApp.app */ = {isa = PBXFileReference; explicitFileType = wrapper.application; includeInIndex = 0; path = GoGoTravelApp.app; sourceTree = BUILT_PRODUCTS_DIR; };
		13B07FAF1A68108700A75B9A /* AppDelegate.h */ = {isa = PBXFileReference; fileEncoding = 4; lastKnownFileType = sourcecode.c.h; name = AppDelegate.h; path = GoGoTravelApp/AppDelegate.h; sourceTree = "<group>"; };
		13B07FB01A68108700A75B9A /* AppDelegate.mm */ = {isa = PBXFileReference; fileEncoding = 4; lastKnownFileType = sourcecode.cpp.objcpp; name = AppDelegate.mm; path = GoGoTravelApp/AppDelegate.mm; sourceTree = "<group>"; };
		13B07FB51A68108700A75B9A /* Images.xcassets */ = {isa = PBXFileReference; lastKnownFileType = folder.assetcatalog; name = Images.xcassets; path = GoGoTravelApp/Images.xcassets; sourceTree = "<group>"; };
		13B07FB61A68108700A75B9A /* Info.plist */ = {isa = PBXFileReference; fileEncoding = 4; lastKnownFileType = text.plist.xml; name = Info.plist; path = GoGoTravelApp/Info.plist; sourceTree = "<group>"; };
		13B07FB71A68108700A75B9A /* main.m */ = {isa = PBXFileReference; fileEncoding = 4; lastKnownFileType = sourcecode.c.objc; name = main.m; path = GoGoTravelApp/main.m; sourceTree = "<group>"; };
		19F6CBCC0A4E27FBF8BF4A61 /* libPods-GoGoTravelApp-GoGoTravelAppTests.a */ = {isa = PBXFileReference; explicitFileType = archive.ar; includeInIndex = 0; path = "libPods-GoGoTravelApp-GoGoTravelAppTests.a"; sourceTree = BUILT_PRODUCTS_DIR; };
		3B4392A12AC88292D35C810B /* Pods-GoGoTravelApp.debug.xcconfig */ = {isa = PBXFileReference; includeInIndex = 1; lastKnownFileType = text.xcconfig; name = "Pods-GoGoTravelApp.debug.xcconfig"; path = "Target Support Files/Pods-GoGoTravelApp/Pods-GoGoTravelApp.debug.xcconfig"; sourceTree = "<group>"; };
		5709B34CF0A7D63546082F79 /* Pods-GoGoTravelApp.release.xcconfig */ = {isa = PBXFileReference; includeInIndex = 1; lastKnownFileType = text.xcconfig; name = "Pods-GoGoTravelApp.release.xcconfig"; path = "Target Support Files/Pods-GoGoTravelApp/Pods-GoGoTravelApp.release.xcconfig"; sourceTree = "<group>"; };
		5B7EB9410499542E8C5724F5 /* Pods-GoGoTravelApp-GoGoTravelAppTests.debug.xcconfig */ = {isa = PBXFileReference; includeInIndex = 1; lastKnownFileType = text.xcconfig; name = "Pods-GoGoTravelApp-GoGoTravelAppTests.debug.xcconfig"; path = "Target Support Files/Pods-GoGoTravelApp-GoGoTravelAppTests/Pods-GoGoTravelApp-GoGoTravelAppTests.debug.xcconfig"; sourceTree = "<group>"; };
		5DCACB8F33CDC322A6C60F78 /* libPods-GoGoTravelApp.a */ = {isa = PBXFileReference; explicitFileType = archive.ar; includeInIndex = 0; path = "libPods-GoGoTravelApp.a"; sourceTree = BUILT_PRODUCTS_DIR; };
		81AB9BB72411601600AC10FF /* LaunchScreen.storyboard */ = {isa = PBXFileReference; fileEncoding = 4; lastKnownFileType = file.storyboard; name = LaunchScreen.storyboard; path = GoGoTravelApp/LaunchScreen.storyboard; sourceTree = "<group>"; };
		89C6BE57DB24E9ADA2F236DE /* Pods-GoGoTravelApp-GoGoTravelAppTests.release.xcconfig */ = {isa = PBXFileReference; includeInIndex = 1; lastKnownFileType = text.xcconfig; name = "Pods-GoGoTravelApp-GoGoTravelAppTests.release.xcconfig"; path = "Target Support Files/Pods-GoGoTravelApp-GoGoTravelAppTests/Pods-GoGoTravelApp-GoGoTravelAppTests.release.xcconfig"; sourceTree = "<group>"; };
		ED297162215061F000B7C4FE /* JavaScriptCore.framework */ = {isa = PBXFileReference; lastKnownFileType = wrapper.framework; name = JavaScriptCore.framework; path = System/Library/Frameworks/JavaScriptCore.framework; sourceTree = SDKROOT; };
		849F92DA5E4E48ADA5EF1DE7 /* BeVietnamPro-Black.ttf */ = {isa = PBXFileReference; name = "BeVietnamPro-Black.ttf"; path = "../app/assets/fonts/BeVietnamPro-Black.ttf"; sourceTree = "<group>"; fileEncoding = undefined; lastKnownFileType = unknown; explicitFileType = undefined; includeInIndex = 0; };
		1243C0091F214D93A1BCB8A4 /* BeVietnamPro-BlackItalic.ttf */ = {isa = PBXFileReference; name = "BeVietnamPro-BlackItalic.ttf"; path = "../app/assets/fonts/BeVietnamPro-BlackItalic.ttf"; sourceTree = "<group>"; fileEncoding = undefined; lastKnownFileType = unknown; explicitFileType = undefined; includeInIndex = 0; };
		669D1EE0B81C43D2AC4CA0B2 /* BeVietnamPro-Bold.ttf */ = {isa = PBXFileReference; name = "BeVietnamPro-Bold.ttf"; path = "../app/assets/fonts/BeVietnamPro-Bold.ttf"; sourceTree = "<group>"; fileEncoding = undefined; lastKnownFileType = unknown; explicitFileType = undefined; includeInIndex = 0; };
		9CEE38CC03C24082BDB3F757 /* BeVietnamPro-BoldItalic.ttf */ = {isa = PBXFileReference; name = "BeVietnamPro-BoldItalic.ttf"; path = "../app/assets/fonts/BeVietnamPro-BoldItalic.ttf"; sourceTree = "<group>"; fileEncoding = undefined; lastKnownFileType = unknown; explicitFileType = undefined; includeInIndex = 0; };
		8025DC757AB440AFBF60144F /* BeVietnamPro-ExtraBold.ttf */ = {isa = PBXFileReference; name = "BeVietnamPro-ExtraBold.ttf"; path = "../app/assets/fonts/BeVietnamPro-ExtraBold.ttf"; sourceTree = "<group>"; fileEncoding = undefined; lastKnownFileType = unknown; explicitFileType = undefined; includeInIndex = 0; };
		A98C315D7BF449A1A5BADC25 /* BeVietnamPro-ExtraBoldItalic.ttf */ = {isa = PBXFileReference; name = "BeVietnamPro-ExtraBoldItalic.ttf"; path = "../app/assets/fonts/BeVietnamPro-ExtraBoldItalic.ttf"; sourceTree = "<group>"; fileEncoding = undefined; lastKnownFileType = unknown; explicitFileType = undefined; includeInIndex = 0; };
		AF09DCFADA2B425E9764E57E /* BeVietnamPro-ExtraLight.ttf */ = {isa = PBXFileReference; name = "BeVietnamPro-ExtraLight.ttf"; path = "../app/assets/fonts/BeVietnamPro-ExtraLight.ttf"; sourceTree = "<group>"; fileEncoding = undefined; lastKnownFileType = unknown; explicitFileType = undefined; includeInIndex = 0; };
		7987868FC7194016874B897F /* BeVietnamPro-ExtraLightItalic.ttf */ = {isa = PBXFileReference; name = "BeVietnamPro-ExtraLightItalic.ttf"; path = "../app/assets/fonts/BeVietnamPro-ExtraLightItalic.ttf"; sourceTree = "<group>"; fileEncoding = undefined; lastKnownFileType = unknown; explicitFileType = undefined; includeInIndex = 0; };
		63D6CAFF2623405E871685F4 /* BeVietnamPro-Italic.ttf */ = {isa = PBXFileReference; name = "BeVietnamPro-Italic.ttf"; path = "../app/assets/fonts/BeVietnamPro-Italic.ttf"; sourceTree = "<group>"; fileEncoding = undefined; lastKnownFileType = unknown; explicitFileType = undefined; includeInIndex = 0; };
		474B57C82BAE4B678D25935D /* BeVietnamPro-Light.ttf */ = {isa = PBXFileReference; name = "BeVietnamPro-Light.ttf"; path = "../app/assets/fonts/BeVietnamPro-Light.ttf"; sourceTree = "<group>"; fileEncoding = undefined; lastKnownFileType = unknown; explicitFileType = undefined; includeInIndex = 0; };
		204037BFD0C8422DAFB4667D /* BeVietnamPro-LightItalic.ttf */ = {isa = PBXFileReference; name = "BeVietnamPro-LightItalic.ttf"; path = "../app/assets/fonts/BeVietnamPro-LightItalic.ttf"; sourceTree = "<group>"; fileEncoding = undefined; lastKnownFileType = unknown; explicitFileType = undefined; includeInIndex = 0; };
		38286A378950458F8978541A /* BeVietnamPro-Medium.ttf */ = {isa = PBXFileReference; name = "BeVietnamPro-Medium.ttf"; path = "../app/assets/fonts/BeVietnamPro-Medium.ttf"; sourceTree = "<group>"; fileEncoding = undefined; lastKnownFileType = unknown; explicitFileType = undefined; includeInIndex = 0; };
		70DD7949CDBC45C085535D61 /* BeVietnamPro-MediumItalic.ttf */ = {isa = PBXFileReference; name = "BeVietnamPro-MediumItalic.ttf"; path = "../app/assets/fonts/BeVietnamPro-MediumItalic.ttf"; sourceTree = "<group>"; fileEncoding = undefined; lastKnownFileType = unknown; explicitFileType = undefined; includeInIndex = 0; };
		16156363FB1446A4BF0E676D /* BeVietnamPro-Regular.ttf */ = {isa = PBXFileReference; name = "BeVietnamPro-Regular.ttf"; path = "../app/assets/fonts/BeVietnamPro-Regular.ttf"; sourceTree = "<group>"; fileEncoding = undefined; lastKnownFileType = unknown; explicitFileType = undefined; includeInIndex = 0; };
		4F847048A7D04DC8993B7DCA /* BeVietnamPro-SemiBold.ttf */ = {isa = PBXFileReference; name = "BeVietnamPro-SemiBold.ttf"; path = "../app/assets/fonts/BeVietnamPro-SemiBold.ttf"; sourceTree = "<group>"; fileEncoding = undefined; lastKnownFileType = unknown; explicitFileType = undefined; includeInIndex = 0; };
		D0307E5D7E0C4E9692F03989 /* BeVietnamPro-SemiBoldItalic.ttf */ = {isa = PBXFileReference; name = "BeVietnamPro-SemiBoldItalic.ttf"; path = "../app/assets/fonts/BeVietnamPro-SemiBoldItalic.ttf"; sourceTree = "<group>"; fileEncoding = undefined; lastKnownFileType = unknown; explicitFileType = undefined; includeInIndex = 0; };
		6407A39AE5A54527B8705ECB /* BeVietnamPro-Thin.ttf */ = {isa = PBXFileReference; name = "BeVietnamPro-Thin.ttf"; path = "../app/assets/fonts/BeVietnamPro-Thin.ttf"; sourceTree = "<group>"; fileEncoding = undefined; lastKnownFileType = unknown; explicitFileType = undefined; includeInIndex = 0; };
		E1F7EED8193B4D59B6616FBE /* BeVietnamPro-ThinItalic.ttf */ = {isa = PBXFileReference; name = "BeVietnamPro-ThinItalic.ttf"; path = "../app/assets/fonts/BeVietnamPro-ThinItalic.ttf"; sourceTree = "<group>"; fileEncoding = undefined; lastKnownFileType = unknown; explicitFileType = undefined; includeInIndex = 0; };
		3D66DB1437D8402AA49D2017 /* Montserrat-Black.ttf */ = {isa = PBXFileReference; name = "Montserrat-Black.ttf"; path = "../app/assets/fonts/Montserrat-Black.ttf"; sourceTree = "<group>"; fileEncoding = undefined; lastKnownFileType = unknown; explicitFileType = undefined; includeInIndex = 0; };
		7434F7957F2340F1A3F0D669 /* Montserrat-BlackItalic.ttf */ = {isa = PBXFileReference; name = "Montserrat-BlackItalic.ttf"; path = "../app/assets/fonts/Montserrat-BlackItalic.ttf"; sourceTree = "<group>"; fileEncoding = undefined; lastKnownFileType = unknown; explicitFileType = undefined; includeInIndex = 0; };
		38BF3346478A472BB59D37D7 /* Montserrat-Bold.ttf */ = {isa = PBXFileReference; name = "Montserrat-Bold.ttf"; path = "../app/assets/fonts/Montserrat-Bold.ttf"; sourceTree = "<group>"; fileEncoding = undefined; lastKnownFileType = unknown; explicitFileType = undefined; includeInIndex = 0; };
		5F80E21699B84779A44C89DE /* Montserrat-BoldItalic.ttf */ = {isa = PBXFileReference; name = "Montserrat-BoldItalic.ttf"; path = "../app/assets/fonts/Montserrat-BoldItalic.ttf"; sourceTree = "<group>"; fileEncoding = undefined; lastKnownFileType = unknown; explicitFileType = undefined; includeInIndex = 0; };
		D7A6B3D901ED4ABB9C141EBB /* Montserrat-ExtraBold.ttf */ = {isa = PBXFileReference; name = "Montserrat-ExtraBold.ttf"; path = "../app/assets/fonts/Montserrat-ExtraBold.ttf"; sourceTree = "<group>"; fileEncoding = undefined; lastKnownFileType = unknown; explicitFileType = undefined; includeInIndex = 0; };
		17938EE4D81244A4A16F6522 /* Montserrat-ExtraBoldItalic.ttf */ = {isa = PBXFileReference; name = "Montserrat-ExtraBoldItalic.ttf"; path = "../app/assets/fonts/Montserrat-ExtraBoldItalic.ttf"; sourceTree = "<group>"; fileEncoding = undefined; lastKnownFileType = unknown; explicitFileType = undefined; includeInIndex = 0; };
		2D9641C514464A64BCD6A451 /* Montserrat-ExtraLight.ttf */ = {isa = PBXFileReference; name = "Montserrat-ExtraLight.ttf"; path = "../app/assets/fonts/Montserrat-ExtraLight.ttf"; sourceTree = "<group>"; fileEncoding = undefined; lastKnownFileType = unknown; explicitFileType = undefined; includeInIndex = 0; };
		C286B6E32AFD4C73959C5F76 /* Montserrat-ExtraLightItalic.ttf */ = {isa = PBXFileReference; name = "Montserrat-ExtraLightItalic.ttf"; path = "../app/assets/fonts/Montserrat-ExtraLightItalic.ttf"; sourceTree = "<group>"; fileEncoding = undefined; lastKnownFileType = unknown; explicitFileType = undefined; includeInIndex = 0; };
		5B1069ADD8CD4E59AC77C2EB /* Montserrat-Italic-VariableFont_wght.ttf */ = {isa = PBXFileReference; name = "Montserrat-Italic-VariableFont_wght.ttf"; path = "../app/assets/fonts/Montserrat-Italic-VariableFont_wght.ttf"; sourceTree = "<group>"; fileEncoding = undefined; lastKnownFileType = unknown; explicitFileType = undefined; includeInIndex = 0; };
		A49B73105760454FB19A2162 /* Montserrat-Italic.ttf */ = {isa = PBXFileReference; name = "Montserrat-Italic.ttf"; path = "../app/assets/fonts/Montserrat-Italic.ttf"; sourceTree = "<group>"; fileEncoding = undefined; lastKnownFileType = unknown; explicitFileType = undefined; includeInIndex = 0; };
		D3FCA9663579422781ECA518 /* Montserrat-Light.ttf */ = {isa = PBXFileReference; name = "Montserrat-Light.ttf"; path = "../app/assets/fonts/Montserrat-Light.ttf"; sourceTree = "<group>"; fileEncoding = undefined; lastKnownFileType = unknown; explicitFileType = undefined; includeInIndex = 0; };
		4ED919567B9343969983FA52 /* Montserrat-LightItalic.ttf */ = {isa = PBXFileReference; name = "Montserrat-LightItalic.ttf"; path = "../app/assets/fonts/Montserrat-LightItalic.ttf"; sourceTree = "<group>"; fileEncoding = undefined; lastKnownFileType = unknown; explicitFileType = undefined; includeInIndex = 0; };
		1C649EB4521C466D939CF754 /* Montserrat-Medium.ttf */ = {isa = PBXFileReference; name = "Montserrat-Medium.ttf"; path = "../app/assets/fonts/Montserrat-Medium.ttf"; sourceTree = "<group>"; fileEncoding = undefined; lastKnownFileType = unknown; explicitFileType = undefined; includeInIndex = 0; };
		D90A5A2911784E9EACD029B3 /* Montserrat-MediumItalic.ttf */ = {isa = PBXFileReference; name = "Montserrat-MediumItalic.ttf"; path = "../app/assets/fonts/Montserrat-MediumItalic.ttf"; sourceTree = "<group>"; fileEncoding = undefined; lastKnownFileType = unknown; explicitFileType = undefined; includeInIndex = 0; };
		4046CC20989E4D919D10FE42 /* Montserrat-Regular.ttf */ = {isa = PBXFileReference; name = "Montserrat-Regular.ttf"; path = "../app/assets/fonts/Montserrat-Regular.ttf"; sourceTree = "<group>"; fileEncoding = undefined; lastKnownFileType = unknown; explicitFileType = undefined; includeInIndex = 0; };
		8C071F2A91C246FB98B667D5 /* Montserrat-SemiBold.ttf */ = {isa = PBXFileReference; name = "Montserrat-SemiBold.ttf"; path = "../app/assets/fonts/Montserrat-SemiBold.ttf"; sourceTree = "<group>"; fileEncoding = undefined; lastKnownFileType = unknown; explicitFileType = undefined; includeInIndex = 0; };
		AD8CA1C819F24B1EA0510A60 /* Montserrat-SemiBoldItalic.ttf */ = {isa = PBXFileReference; name = "Montserrat-SemiBoldItalic.ttf"; path = "../app/assets/fonts/Montserrat-SemiBoldItalic.ttf"; sourceTree = "<group>"; fileEncoding = undefined; lastKnownFileType = unknown; explicitFileType = undefined; includeInIndex = 0; };
		2300D0FED9C74075A1BEDFEB /* Montserrat-Thin.ttf */ = {isa = PBXFileReference; name = "Montserrat-Thin.ttf"; path = "../app/assets/fonts/Montserrat-Thin.ttf"; sourceTree = "<group>"; fileEncoding = undefined; lastKnownFileType = unknown; explicitFileType = undefined; includeInIndex = 0; };
		BBA2E95AFEF64577844C8E96 /* Montserrat-ThinItalic.ttf */ = {isa = PBXFileReference; name = "Montserrat-ThinItalic.ttf"; path = "../app/assets/fonts/Montserrat-ThinItalic.ttf"; sourceTree = "<group>"; fileEncoding = undefined; lastKnownFileType = unknown; explicitFileType = undefined; includeInIndex = 0; };
		5F312C90F00C4E519B80D37B /* Montserrat-VariableFont_wght.ttf */ = {isa = PBXFileReference; name = "Montserrat-VariableFont_wght.ttf"; path = "../app/assets/fonts/Montserrat-VariableFont_wght.ttf"; sourceTree = "<group>"; fileEncoding = undefined; lastKnownFileType = unknown; explicitFileType = undefined; includeInIndex = 0; };
		CE75E816884E4D5199D1DDC4 /* OFL.txt */ = {isa = PBXFileReference; name = "OFL.txt"; path = "../app/assets/fonts/OFL.txt"; sourceTree = "<group>"; fileEncoding = undefined; lastKnownFileType = unknown; explicitFileType = undefined; includeInIndex = 0; };
		A4997D01B2EA4CDDB0E9D4FD /* README.txt */ = {isa = PBXFileReference; name = "README.txt"; path = "../app/assets/fonts/README.txt"; sourceTree = "<group>"; fileEncoding = undefined; lastKnownFileType = unknown; explicitFileType = undefined; includeInIndex = 0; };
/* End PBXFileReference section */

/* Begin PBXFrameworksBuildPhase section */
		00E356EB1AD99517003FC87E /* Frameworks */ = {
			isa = PBXFrameworksBuildPhase;
			buildActionMask = 2147483647;
			files = (
				7699B88040F8A987B510C191 /* libPods-GoGoTravelApp-GoGoTravelAppTests.a in Frameworks */,
			);
			runOnlyForDeploymentPostprocessing = 0;
		};
		13B07F8C1A680F5B00A75B9A /* Frameworks */ = {
			isa = PBXFrameworksBuildPhase;
			buildActionMask = 2147483647;
			files = (
				0C80B921A6F3F58F76C31292 /* libPods-GoGoTravelApp.a in Frameworks */,
			);
			runOnlyForDeploymentPostprocessing = 0;
		};
/* End PBXFrameworksBuildPhase section */

/* Begin PBXGroup section */
		00E356EF1AD99517003FC87E /* GoGoTravelAppTests */ = {
			isa = PBXGroup;
			children = (
				00E356F21AD99517003FC87E /* GoGoTravelAppTests.m */,
				00E356F01AD99517003FC87E /* Supporting Files */,
			);
			path = GoGoTravelAppTests;
			sourceTree = "<group>";
		};
		00E356F01AD99517003FC87E /* Supporting Files */ = {
			isa = PBXGroup;
			children = (
				00E356F11AD99517003FC87E /* Info.plist */,
			);
			name = "Supporting Files";
			sourceTree = "<group>";
		};
		13B07FAE1A68108700A75B9A /* GoGoTravelApp */ = {
			isa = PBXGroup;
			children = (
				13B07FAF1A68108700A75B9A /* AppDelegate.h */,
				13B07FB01A68108700A75B9A /* AppDelegate.mm */,
				13B07FB51A68108700A75B9A /* Images.xcassets */,
				13B07FB61A68108700A75B9A /* Info.plist */,
				81AB9BB72411601600AC10FF /* LaunchScreen.storyboard */,
				13B07FB71A68108700A75B9A /* main.m */,
			);
			name = GoGoTravelApp;
			sourceTree = "<group>";
		};
		2D16E6871FA4F8E400B85C8A /* Frameworks */ = {
			isa = PBXGroup;
			children = (
				ED297162215061F000B7C4FE /* JavaScriptCore.framework */,
				5DCACB8F33CDC322A6C60F78 /* libPods-GoGoTravelApp.a */,
				19F6CBCC0A4E27FBF8BF4A61 /* libPods-GoGoTravelApp-GoGoTravelAppTests.a */,
			);
			name = Frameworks;
			sourceTree = "<group>";
		};
		832341AE1AAA6A7D00B99B32 /* Libraries */ = {
			isa = PBXGroup;
			children = (
			);
			name = Libraries;
			sourceTree = "<group>";
		};
		83CBB9F61A601CBA00E9B192 = {
			isa = PBXGroup;
			children = (
				13B07FAE1A68108700A75B9A /* GoGoTravelApp */,
				832341AE1AAA6A7D00B99B32 /* Libraries */,
				00E356EF1AD99517003FC87E /* GoGoTravelAppTests */,
				83CBBA001A601CBA00E9B192 /* Products */,
				2D16E6871FA4F8E400B85C8A /* Frameworks */,
				BBD78D7AC51CEA395F1C20DB /* Pods */,
				C6FE7A17518248718630B97B /* Resources */,
			);
			indentWidth = 2;
			sourceTree = "<group>";
			tabWidth = 2;
			usesTabs = 0;
		};
		83CBBA001A601CBA00E9B192 /* Products */ = {
			isa = PBXGroup;
			children = (
				13B07F961A680F5B00A75B9A /* GoGoTravelApp.app */,
				00E356EE1AD99517003FC87E /* GoGoTravelAppTests.xctest */,
			);
			name = Products;
			sourceTree = "<group>";
		};
		BBD78D7AC51CEA395F1C20DB /* Pods */ = {
			isa = PBXGroup;
			children = (
				3B4392A12AC88292D35C810B /* Pods-GoGoTravelApp.debug.xcconfig */,
				5709B34CF0A7D63546082F79 /* Pods-GoGoTravelApp.release.xcconfig */,
				5B7EB9410499542E8C5724F5 /* Pods-GoGoTravelApp-GoGoTravelAppTests.debug.xcconfig */,
				89C6BE57DB24E9ADA2F236DE /* Pods-GoGoTravelApp-GoGoTravelAppTests.release.xcconfig */,
			);
			path = Pods;
			sourceTree = "<group>";
		};
		C6FE7A17518248718630B97B /* Resources */ = {
			isa = "PBXGroup";
			children = (
				849F92DA5E4E48ADA5EF1DE7 /* BeVietnamPro-Black.ttf */,
				1243C0091F214D93A1BCB8A4 /* BeVietnamPro-BlackItalic.ttf */,
				669D1EE0B81C43D2AC4CA0B2 /* BeVietnamPro-Bold.ttf */,
				9CEE38CC03C24082BDB3F757 /* BeVietnamPro-BoldItalic.ttf */,
				8025DC757AB440AFBF60144F /* BeVietnamPro-ExtraBold.ttf */,
				A98C315D7BF449A1A5BADC25 /* BeVietnamPro-ExtraBoldItalic.ttf */,
				AF09DCFADA2B425E9764E57E /* BeVietnamPro-ExtraLight.ttf */,
				7987868FC7194016874B897F /* BeVietnamPro-ExtraLightItalic.ttf */,
				63D6CAFF2623405E871685F4 /* BeVietnamPro-Italic.ttf */,
				474B57C82BAE4B678D25935D /* BeVietnamPro-Light.ttf */,
				204037BFD0C8422DAFB4667D /* BeVietnamPro-LightItalic.ttf */,
				38286A378950458F8978541A /* BeVietnamPro-Medium.ttf */,
				70DD7949CDBC45C085535D61 /* BeVietnamPro-MediumItalic.ttf */,
				16156363FB1446A4BF0E676D /* BeVietnamPro-Regular.ttf */,
				4F847048A7D04DC8993B7DCA /* BeVietnamPro-SemiBold.ttf */,
				D0307E5D7E0C4E9692F03989 /* BeVietnamPro-SemiBoldItalic.ttf */,
				6407A39AE5A54527B8705ECB /* BeVietnamPro-Thin.ttf */,
				E1F7EED8193B4D59B6616FBE /* BeVietnamPro-ThinItalic.ttf */,
				3D66DB1437D8402AA49D2017 /* Montserrat-Black.ttf */,
				7434F7957F2340F1A3F0D669 /* Montserrat-BlackItalic.ttf */,
				38BF3346478A472BB59D37D7 /* Montserrat-Bold.ttf */,
				5F80E21699B84779A44C89DE /* Montserrat-BoldItalic.ttf */,
				D7A6B3D901ED4ABB9C141EBB /* Montserrat-ExtraBold.ttf */,
				17938EE4D81244A4A16F6522 /* Montserrat-ExtraBoldItalic.ttf */,
				2D9641C514464A64BCD6A451 /* Montserrat-ExtraLight.ttf */,
				C286B6E32AFD4C73959C5F76 /* Montserrat-ExtraLightItalic.ttf */,
				5B1069ADD8CD4E59AC77C2EB /* Montserrat-Italic-VariableFont_wght.ttf */,
				A49B73105760454FB19A2162 /* Montserrat-Italic.ttf */,
				D3FCA9663579422781ECA518 /* Montserrat-Light.ttf */,
				4ED919567B9343969983FA52 /* Montserrat-LightItalic.ttf */,
				1C649EB4521C466D939CF754 /* Montserrat-Medium.ttf */,
				D90A5A2911784E9EACD029B3 /* Montserrat-MediumItalic.ttf */,
				4046CC20989E4D919D10FE42 /* Montserrat-Regular.ttf */,
				8C071F2A91C246FB98B667D5 /* Montserrat-SemiBold.ttf */,
				AD8CA1C819F24B1EA0510A60 /* Montserrat-SemiBoldItalic.ttf */,
				2300D0FED9C74075A1BEDFEB /* Montserrat-Thin.ttf */,
				BBA2E95AFEF64577844C8E96 /* Montserrat-ThinItalic.ttf */,
				5F312C90F00C4E519B80D37B /* Montserrat-VariableFont_wght.ttf */,
				CE75E816884E4D5199D1DDC4 /* OFL.txt */,
				A4997D01B2EA4CDDB0E9D4FD /* README.txt */,
			);
			name = Resources;
			sourceTree = "<group>";
			path = "";
		};
/* End PBXGroup section */

/* Begin PBXNativeTarget section */
		00E356ED1AD99517003FC87E /* GoGoTravelAppTests */ = {
			isa = PBXNativeTarget;
			buildConfigurationList = 00E357021AD99517003FC87E /* Build configuration list for PBXNativeTarget "GoGoTravelAppTests" */;
			buildPhases = (
				A55EABD7B0C7F3A422A6CC61 /* [CP] Check Pods Manifest.lock */,
				00E356EA1AD99517003FC87E /* Sources */,
				00E356EB1AD99517003FC87E /* Frameworks */,
				00E356EC1AD99517003FC87E /* Resources */,
				C59DA0FBD6956966B86A3779 /* [CP] Embed Pods Frameworks */,
				F6A41C54EA430FDDC6A6ED99 /* [CP] Copy Pods Resources */,
			);
			buildRules = (
			);
			dependencies = (
				00E356F51AD99517003FC87E /* PBXTargetDependency */,
			);
			name = GoGoTravelAppTests;
			productName = GoGoTravelAppTests;
			productReference = 00E356EE1AD99517003FC87E /* GoGoTravelAppTests.xctest */;
			productType = "com.apple.product-type.bundle.unit-test";
		};
		13B07F861A680F5B00A75B9A /* GoGoTravelApp */ = {
			isa = PBXNativeTarget;
			buildConfigurationList = 13B07F931A680F5B00A75B9A /* Build configuration list for PBXNativeTarget "GoGoTravelApp" */;
			buildPhases = (
				C38B50BA6285516D6DCD4F65 /* [CP] Check Pods Manifest.lock */,
				FD10A7F022414F080027D42C /* Start Packager */,
				13B07F871A680F5B00A75B9A /* Sources */,
				13B07F8C1A680F5B00A75B9A /* Frameworks */,
				13B07F8E1A680F5B00A75B9A /* Resources */,
				00DD1BFF1BD5951E006B06BC /* Bundle React Native code and images */,
				00EEFC60759A1932668264C0 /* [CP] Embed Pods Frameworks */,
				E235C05ADACE081382539298 /* [CP] Copy Pods Resources */,
			);
			buildRules = (
			);
			dependencies = (
			);
			name = GoGoTravelApp;
			productName = GoGoTravelApp;
			productReference = 13B07F961A680F5B00A75B9A /* GoGoTravelApp.app */;
			productType = "com.apple.product-type.application";
		};
/* End PBXNativeTarget section */

/* Begin PBXProject section */
		83CBB9F71A601CBA00E9B192 /* Project object */ = {
			isa = PBXProject;
			attributes = {
				LastUpgradeCheck = 1210;
				TargetAttributes = {
					00E356ED1AD99517003FC87E = {
						CreatedOnToolsVersion = 6.2;
						TestTargetID = 13B07F861A680F5B00A75B9A;
					};
					13B07F861A680F5B00A75B9A = {
						LastSwiftMigration = 1120;
					};
				};
			};
			buildConfigurationList = 83CBB9FA1A601CBA00E9B192 /* Build configuration list for PBXProject "GoGoTravelApp" */;
			compatibilityVersion = "Xcode 12.0";
			developmentRegion = en;
			hasScannedForEncodings = 0;
			knownRegions = (
				en,
				Base,
			);
			mainGroup = 83CBB9F61A601CBA00E9B192;
			productRefGroup = 83CBBA001A601CBA00E9B192 /* Products */;
			projectDirPath = "";
			projectRoot = "";
			targets = (
				13B07F861A680F5B00A75B9A /* GoGoTravelApp */,
				00E356ED1AD99517003FC87E /* GoGoTravelAppTests */,
			);
		};
/* End PBXProject section */

/* Begin PBXResourcesBuildPhase section */
		00E356EC1AD99517003FC87E /* Resources */ = {
			isa = PBXResourcesBuildPhase;
			buildActionMask = 2147483647;
			files = (
			);
			runOnlyForDeploymentPostprocessing = 0;
		};
		13B07F8E1A680F5B00A75B9A /* Resources */ = {
			isa = PBXResourcesBuildPhase;
			buildActionMask = 2147483647;
			files = (
				81AB9BB82411601600AC10FF /* LaunchScreen.storyboard in Resources */,
				13B07FBF1A68108700A75B9A /* Images.xcassets in Resources */,
				53702B1CBBED42F4AA5F2E0C /* BeVietnamPro-Black.ttf in Resources */,
				DCCF69A7BB26434A843307DB /* BeVietnamPro-BlackItalic.ttf in Resources */,
				7F5021CF794A4B33BD9D5419 /* BeVietnamPro-Bold.ttf in Resources */,
				E21E168CE0A1410291A72AE4 /* BeVietnamPro-BoldItalic.ttf in Resources */,
				FE64CF97C78B4A67B516E3F4 /* BeVietnamPro-ExtraBold.ttf in Resources */,
				B0E2361F42BA49E782B8AC5D /* BeVietnamPro-ExtraBoldItalic.ttf in Resources */,
				88AE39A73A9E460EADFEBBC9 /* BeVietnamPro-ExtraLight.ttf in Resources */,
				6DBFBA6A18CF4EA4B789B51B /* BeVietnamPro-ExtraLightItalic.ttf in Resources */,
				3522510568814F7E8ABBD7AA /* BeVietnamPro-Italic.ttf in Resources */,
				70EED863F21E462FB86CBF78 /* BeVietnamPro-Light.ttf in Resources */,
				0D17B3B0B5BE441FAE5011EE /* BeVietnamPro-LightItalic.ttf in Resources */,
				344CF7F7B5F14D6F8A2BCF3C /* BeVietnamPro-Medium.ttf in Resources */,
				60832FFAC5464703873BEBA6 /* BeVietnamPro-MediumItalic.ttf in Resources */,
				E36549BD0B984AF0BA4CFBED /* BeVietnamPro-Regular.ttf in Resources */,
				A2E2A1B4B1D642AC9681EAC2 /* BeVietnamPro-SemiBold.ttf in Resources */,
				C2790FDBCB8B4E4382255814 /* BeVietnamPro-SemiBoldItalic.ttf in Resources */,
				FD636A5308D84105982641A7 /* BeVietnamPro-Thin.ttf in Resources */,
				95DD7D6115FF411283AF914A /* BeVietnamPro-ThinItalic.ttf in Resources */,
				6FAD2CB846A64B889E307867 /* Montserrat-Black.ttf in Resources */,
				9DC44CBE6E984F318F492291 /* Montserrat-BlackItalic.ttf in Resources */,
				98294412ECBE460BBA59653F /* Montserrat-Bold.ttf in Resources */,
				1B9F3179CE1F419B9767764B /* Montserrat-BoldItalic.ttf in Resources */,
				CD380D433D13419799367151 /* Montserrat-ExtraBold.ttf in Resources */,
				7ACFAB2239E4453BB9AC72C8 /* Montserrat-ExtraBoldItalic.ttf in Resources */,
				139DF523A3934460A9B2B6FC /* Montserrat-ExtraLight.ttf in Resources */,
				5A7B68B29A7F490985482A27 /* Montserrat-ExtraLightItalic.ttf in Resources */,
				EF04A62505A74946B688DA25 /* Montserrat-Italic-VariableFont_wght.ttf in Resources */,
				9063C83E9152427390DC0BFD /* Montserrat-Italic.ttf in Resources */,
				014C740D41C14F209040C514 /* Montserrat-Light.ttf in Resources */,
				296BC8D9ADC5466CA361CAC2 /* Montserrat-LightItalic.ttf in Resources */,
				9CB9B5442E7E41BBB02397B8 /* Montserrat-Medium.ttf in Resources */,
				8E75E952FD444F9FA3CD2E31 /* Montserrat-MediumItalic.ttf in Resources */,
				2CA8DCED0DD9441A8F268CD5 /* Montserrat-Regular.ttf in Resources */,
				3389CF47434948299ED2EDDA /* Montserrat-SemiBold.ttf in Resources */,
				E7F400E0D9704D45B170F880 /* Montserrat-SemiBoldItalic.ttf in Resources */,
				E1B3D1483D874B138178FF47 /* Montserrat-Thin.ttf in Resources */,
				D8593CBA2E514E3AAB28650B /* Montserrat-ThinItalic.ttf in Resources */,
				19299914AE9D4394902B4221 /* Montserrat-VariableFont_wght.ttf in Resources */,
				6C2A08FFAE254F6A92C4DAA1 /* OFL.txt in Resources */,
				01ED6738B4AC4ED7963B39E5 /* README.txt in Resources */,
			);
			runOnlyForDeploymentPostprocessing = 0;
		};
/* End PBXResourcesBuildPhase section */

/* Begin PBXShellScriptBuildPhase section */
		00DD1BFF1BD5951E006B06BC /* Bundle React Native code and images */ = {
			isa = PBXShellScriptBuildPhase;
			buildActionMask = 2147483647;
			files = (
			);
			inputPaths = (
				"$(SRCROOT)/.xcode.env.local",
				"$(SRCROOT)/.xcode.env",
			);
			name = "Bundle React Native code and images";
			outputPaths = (
			);
			runOnlyForDeploymentPostprocessing = 0;
			shellPath = /bin/sh;
			shellScript = "set -e\n\nWITH_ENVIRONMENT=\"../node_modules/react-native/scripts/xcode/with-environment.sh\"\nREACT_NATIVE_XCODE=\"../node_modules/react-native/scripts/react-native-xcode.sh\"\n\n/bin/sh -c \"$WITH_ENVIRONMENT $REACT_NATIVE_XCODE\"\n";
		};
		00EEFC60759A1932668264C0 /* [CP] Embed Pods Frameworks */ = {
			isa = PBXShellScriptBuildPhase;
			buildActionMask = 2147483647;
			files = (
			);
			inputFileListPaths = (
				"${PODS_ROOT}/Target Support Files/Pods-GoGoTravelApp/Pods-GoGoTravelApp-frameworks-${CONFIGURATION}-input-files.xcfilelist",
			);
			name = "[CP] Embed Pods Frameworks";
			outputFileListPaths = (
				"${PODS_ROOT}/Target Support Files/Pods-GoGoTravelApp/Pods-GoGoTravelApp-frameworks-${CONFIGURATION}-output-files.xcfilelist",
			);
			runOnlyForDeploymentPostprocessing = 0;
			shellPath = /bin/sh;
			shellScript = "\"${PODS_ROOT}/Target Support Files/Pods-GoGoTravelApp/Pods-GoGoTravelApp-frameworks.sh\"\n";
			showEnvVarsInLog = 0;
		};
		A55EABD7B0C7F3A422A6CC61 /* [CP] Check Pods Manifest.lock */ = {
			isa = PBXShellScriptBuildPhase;
			buildActionMask = 2147483647;
			files = (
			);
			inputFileListPaths = (
			);
			inputPaths = (
				"${PODS_PODFILE_DIR_PATH}/Podfile.lock",
				"${PODS_ROOT}/Manifest.lock",
			);
			name = "[CP] Check Pods Manifest.lock";
			outputFileListPaths = (
			);
			outputPaths = (
				"$(DERIVED_FILE_DIR)/Pods-GoGoTravelApp-GoGoTravelAppTests-checkManifestLockResult.txt",
			);
			runOnlyForDeploymentPostprocessing = 0;
			shellPath = /bin/sh;
			shellScript = "diff \"${PODS_PODFILE_DIR_PATH}/Podfile.lock\" \"${PODS_ROOT}/Manifest.lock\" > /dev/null\nif [ $? != 0 ] ; then\n    # print error to STDERR\n    echo \"error: The sandbox is not in sync with the Podfile.lock. Run 'pod install' or update your CocoaPods installation.\" >&2\n    exit 1\nfi\n# This output is used by Xcode 'outputs' to avoid re-running this script phase.\necho \"SUCCESS\" > \"${SCRIPT_OUTPUT_FILE_0}\"\n";
			showEnvVarsInLog = 0;
		};
		C38B50BA6285516D6DCD4F65 /* [CP] Check Pods Manifest.lock */ = {
			isa = PBXShellScriptBuildPhase;
			buildActionMask = 2147483647;
			files = (
			);
			inputFileListPaths = (
			);
			inputPaths = (
				"${PODS_PODFILE_DIR_PATH}/Podfile.lock",
				"${PODS_ROOT}/Manifest.lock",
			);
			name = "[CP] Check Pods Manifest.lock";
			outputFileListPaths = (
			);
			outputPaths = (
				"$(DERIVED_FILE_DIR)/Pods-GoGoTravelApp-checkManifestLockResult.txt",
			);
			runOnlyForDeploymentPostprocessing = 0;
			shellPath = /bin/sh;
			shellScript = "diff \"${PODS_PODFILE_DIR_PATH}/Podfile.lock\" \"${PODS_ROOT}/Manifest.lock\" > /dev/null\nif [ $? != 0 ] ; then\n    # print error to STDERR\n    echo \"error: The sandbox is not in sync with the Podfile.lock. Run 'pod install' or update your CocoaPods installation.\" >&2\n    exit 1\nfi\n# This output is used by Xcode 'outputs' to avoid re-running this script phase.\necho \"SUCCESS\" > \"${SCRIPT_OUTPUT_FILE_0}\"\n";
			showEnvVarsInLog = 0;
		};
		C59DA0FBD6956966B86A3779 /* [CP] Embed Pods Frameworks */ = {
			isa = PBXShellScriptBuildPhase;
			buildActionMask = 2147483647;
			files = (
			);
			inputFileListPaths = (
				"${PODS_ROOT}/Target Support Files/Pods-GoGoTravelApp-GoGoTravelAppTests/Pods-GoGoTravelApp-GoGoTravelAppTests-frameworks-${CONFIGURATION}-input-files.xcfilelist",
			);
			name = "[CP] Embed Pods Frameworks";
			outputFileListPaths = (
				"${PODS_ROOT}/Target Support Files/Pods-GoGoTravelApp-GoGoTravelAppTests/Pods-GoGoTravelApp-GoGoTravelAppTests-frameworks-${CONFIGURATION}-output-files.xcfilelist",
			);
			runOnlyForDeploymentPostprocessing = 0;
			shellPath = /bin/sh;
			shellScript = "\"${PODS_ROOT}/Target Support Files/Pods-GoGoTravelApp-GoGoTravelAppTests/Pods-GoGoTravelApp-GoGoTravelAppTests-frameworks.sh\"\n";
			showEnvVarsInLog = 0;
		};
		E235C05ADACE081382539298 /* [CP] Copy Pods Resources */ = {
			isa = PBXShellScriptBuildPhase;
			buildActionMask = 2147483647;
			files = (
			);
			inputFileListPaths = (
				"${PODS_ROOT}/Target Support Files/Pods-GoGoTravelApp/Pods-GoGoTravelApp-resources-${CONFIGURATION}-input-files.xcfilelist",
			);
			name = "[CP] Copy Pods Resources";
			outputFileListPaths = (
				"${PODS_ROOT}/Target Support Files/Pods-GoGoTravelApp/Pods-GoGoTravelApp-resources-${CONFIGURATION}-output-files.xcfilelist",
			);
			runOnlyForDeploymentPostprocessing = 0;
			shellPath = /bin/sh;
			shellScript = "\"${PODS_ROOT}/Target Support Files/Pods-GoGoTravelApp/Pods-GoGoTravelApp-resources.sh\"\n";
			showEnvVarsInLog = 0;
		};
		F6A41C54EA430FDDC6A6ED99 /* [CP] Copy Pods Resources */ = {
			isa = PBXShellScriptBuildPhase;
			buildActionMask = 2147483647;
			files = (
			);
			inputFileListPaths = (
				"${PODS_ROOT}/Target Support Files/Pods-GoGoTravelApp-GoGoTravelAppTests/Pods-GoGoTravelApp-GoGoTravelAppTests-resources-${CONFIGURATION}-input-files.xcfilelist",
			);
			name = "[CP] Copy Pods Resources";
			outputFileListPaths = (
				"${PODS_ROOT}/Target Support Files/Pods-GoGoTravelApp-GoGoTravelAppTests/Pods-GoGoTravelApp-GoGoTravelAppTests-resources-${CONFIGURATION}-output-files.xcfilelist",
			);
			runOnlyForDeploymentPostprocessing = 0;
			shellPath = /bin/sh;
			shellScript = "\"${PODS_ROOT}/Target Support Files/Pods-GoGoTravelApp-GoGoTravelAppTests/Pods-GoGoTravelApp-GoGoTravelAppTests-resources.sh\"\n";
			showEnvVarsInLog = 0;
		};
		FD10A7F022414F080027D42C /* Start Packager */ = {
			isa = PBXShellScriptBuildPhase;
			buildActionMask = 2147483647;
			files = (
			);
			inputFileListPaths = (
			);
			inputPaths = (
			);
			name = "Start Packager";
			outputFileListPaths = (
			);
			outputPaths = (
			);
			runOnlyForDeploymentPostprocessing = 0;
			shellPath = /bin/sh;
			shellScript = "export RCT_METRO_PORT=\"${RCT_METRO_PORT:=8081}\"\necho \"export RCT_METRO_PORT=${RCT_METRO_PORT}\" > \"${SRCROOT}/../node_modules/react-native/scripts/.packager.env\"\nif [ -z \"${RCT_NO_LAUNCH_PACKAGER+xxx}\" ] ; then\n  if nc -w 5 -z localhost ${RCT_METRO_PORT} ; then\n    if ! curl -s \"http://localhost:${RCT_METRO_PORT}/status\" | grep -q \"packager-status:running\" ; then\n      echo \"Port ${RCT_METRO_PORT} already in use, packager is either not running or not running correctly\"\n      exit 2\n    fi\n  else\n    open \"$SRCROOT/../node_modules/react-native/scripts/launchPackager.command\" || echo \"Can't start packager automatically\"\n  fi\nfi\n";
			showEnvVarsInLog = 0;
		};
/* End PBXShellScriptBuildPhase section */

/* Begin PBXSourcesBuildPhase section */
		00E356EA1AD99517003FC87E /* Sources */ = {
			isa = PBXSourcesBuildPhase;
			buildActionMask = 2147483647;
			files = (
				00E356F31AD99517003FC87E /* GoGoTravelAppTests.m in Sources */,
			);
			runOnlyForDeploymentPostprocessing = 0;
		};
		13B07F871A680F5B00A75B9A /* Sources */ = {
			isa = PBXSourcesBuildPhase;
			buildActionMask = 2147483647;
			files = (
				13B07FBC1A68108700A75B9A /* AppDelegate.mm in Sources */,
				13B07FC11A68108700A75B9A /* main.m in Sources */,
			);
			runOnlyForDeploymentPostprocessing = 0;
		};
/* End PBXSourcesBuildPhase section */

/* Begin PBXTargetDependency section */
		00E356F51AD99517003FC87E /* PBXTargetDependency */ = {
			isa = PBXTargetDependency;
			target = 13B07F861A680F5B00A75B9A /* GoGoTravelApp */;
			targetProxy = 00E356F41AD99517003FC87E /* PBXContainerItemProxy */;
		};
/* End PBXTargetDependency section */

/* Begin XCBuildConfiguration section */
		00E356F61AD99517003FC87E /* Debug */ = {
			isa = XCBuildConfiguration;
			baseConfigurationReference = 5B7EB9410499542E8C5724F5 /* Pods-GoGoTravelApp-GoGoTravelAppTests.debug.xcconfig */;
			buildSettings = {
				BUNDLE_LOADER = "$(TEST_HOST)";
				GCC_PREPROCESSOR_DEFINITIONS = (
					"DEBUG=1",
					"$(inherited)",
				);
				INFOPLIST_FILE = GoGoTravelAppTests/Info.plist;
				IPHONEOS_DEPLOYMENT_TARGET = 12.4;
				LD_RUNPATH_SEARCH_PATHS = (
					"$(inherited)",
					"@executable_path/Frameworks",
					"@loader_path/Frameworks",
				);
				OTHER_LDFLAGS = (
					"-ObjC",
					"-lc++",
					"$(inherited)",
				);
				PRODUCT_BUNDLE_IDENTIFIER = "org.reactjs.native.example.$(PRODUCT_NAME:rfc1034identifier)";
				PRODUCT_NAME = "$(TARGET_NAME)";
				TEST_HOST = "$(BUILT_PRODUCTS_DIR)/GoGoTravelApp.app/GoGoTravelApp";
			};
			name = Debug;
		};
		00E356F71AD99517003FC87E /* Release */ = {
			isa = XCBuildConfiguration;
			baseConfigurationReference = 89C6BE57DB24E9ADA2F236DE /* Pods-GoGoTravelApp-GoGoTravelAppTests.release.xcconfig */;
			buildSettings = {
				BUNDLE_LOADER = "$(TEST_HOST)";
				COPY_PHASE_STRIP = NO;
				INFOPLIST_FILE = GoGoTravelAppTests/Info.plist;
				IPHONEOS_DEPLOYMENT_TARGET = 12.4;
				LD_RUNPATH_SEARCH_PATHS = (
					"$(inherited)",
					"@executable_path/Frameworks",
					"@loader_path/Frameworks",
				);
				OTHER_LDFLAGS = (
					"-ObjC",
					"-lc++",
					"$(inherited)",
				);
				PRODUCT_BUNDLE_IDENTIFIER = "org.reactjs.native.example.$(PRODUCT_NAME:rfc1034identifier)";
				PRODUCT_NAME = "$(TARGET_NAME)";
				TEST_HOST = "$(BUILT_PRODUCTS_DIR)/GoGoTravelApp.app/GoGoTravelApp";
			};
			name = Release;
		};
		13B07F941A680F5B00A75B9A /* Debug */ = {
			isa = XCBuildConfiguration;
			baseConfigurationReference = 3B4392A12AC88292D35C810B /* Pods-GoGoTravelApp.debug.xcconfig */;
			buildSettings = {
				ASSETCATALOG_COMPILER_APPICON_NAME = AppIcon;
				CLANG_ENABLE_MODULES = YES;
				CURRENT_PROJECT_VERSION = 1;
				ENABLE_BITCODE = NO;
				INFOPLIST_FILE = GoGoTravelApp/Info.plist;
				LD_RUNPATH_SEARCH_PATHS = (
					"$(inherited)",
					"@executable_path/Frameworks",
				);
				MARKETING_VERSION = 1.0;
				OTHER_LDFLAGS = (
					"$(inherited)",
					"-ObjC",
					"-lc++",
				);
				PRODUCT_BUNDLE_IDENTIFIER = "org.reactjs.native.example.$(PRODUCT_NAME:rfc1034identifier)";
				PRODUCT_NAME = GoGoTravelApp;
				SWIFT_OPTIMIZATION_LEVEL = "-Onone";
				SWIFT_VERSION = 5.0;
				VERSIONING_SYSTEM = "apple-generic";
			};
			name = Debug;
		};
		13B07F951A680F5B00A75B9A /* Release */ = {
			isa = XCBuildConfiguration;
			baseConfigurationReference = 5709B34CF0A7D63546082F79 /* Pods-GoGoTravelApp.release.xcconfig */;
			buildSettings = {
				ASSETCATALOG_COMPILER_APPICON_NAME = AppIcon;
				CLANG_ENABLE_MODULES = YES;
				CURRENT_PROJECT_VERSION = 1;
				INFOPLIST_FILE = GoGoTravelApp/Info.plist;
				LD_RUNPATH_SEARCH_PATHS = (
					"$(inherited)",
					"@executable_path/Frameworks",
				);
				MARKETING_VERSION = 1.0;
				OTHER_LDFLAGS = (
					"$(inherited)",
					"-ObjC",
					"-lc++",
				);
				PRODUCT_BUNDLE_IDENTIFIER = "org.reactjs.native.example.$(PRODUCT_NAME:rfc1034identifier)";
				PRODUCT_NAME = GoGoTravelApp;
				SWIFT_VERSION = 5.0;
				VERSIONING_SYSTEM = "apple-generic";
			};
			name = Release;
		};
		83CBBA201A601CBA00E9B192 /* Debug */ = {
			isa = XCBuildConfiguration;
			buildSettings = {
				ALWAYS_SEARCH_USER_PATHS = NO;
				CLANG_ANALYZER_LOCALIZABILITY_NONLOCALIZED = YES;
				CLANG_CXX_LANGUAGE_STANDARD = "c++17";
				CLANG_CXX_LIBRARY = "libc++";
				CLANG_ENABLE_MODULES = YES;
				CLANG_ENABLE_OBJC_ARC = YES;
				CLANG_WARN_BLOCK_CAPTURE_AUTORELEASING = YES;
				CLANG_WARN_BOOL_CONVERSION = YES;
				CLANG_WARN_COMMA = YES;
				CLANG_WARN_CONSTANT_CONVERSION = YES;
				CLANG_WARN_DEPRECATED_OBJC_IMPLEMENTATIONS = YES;
				CLANG_WARN_DIRECT_OBJC_ISA_USAGE = YES_ERROR;
				CLANG_WARN_EMPTY_BODY = YES;
				CLANG_WARN_ENUM_CONVERSION = YES;
				CLANG_WARN_INFINITE_RECURSION = YES;
				CLANG_WARN_INT_CONVERSION = YES;
				CLANG_WARN_NON_LITERAL_NULL_CONVERSION = YES;
				CLANG_WARN_OBJC_IMPLICIT_RETAIN_SELF = YES;
				CLANG_WARN_OBJC_LITERAL_CONVERSION = YES;
				CLANG_WARN_OBJC_ROOT_CLASS = YES_ERROR;
				CLANG_WARN_QUOTED_INCLUDE_IN_FRAMEWORK_HEADER = YES;
				CLANG_WARN_RANGE_LOOP_ANALYSIS = YES;
				CLANG_WARN_STRICT_PROTOTYPES = YES;
				CLANG_WARN_SUSPICIOUS_MOVE = YES;
				CLANG_WARN_UNREACHABLE_CODE = YES;
				CLANG_WARN__DUPLICATE_METHOD_MATCH = YES;
				"CODE_SIGN_IDENTITY[sdk=iphoneos*]" = "iPhone Developer";
				COPY_PHASE_STRIP = NO;
				ENABLE_STRICT_OBJC_MSGSEND = YES;
				ENABLE_TESTABILITY = YES;
				"EXCLUDED_ARCHS[sdk=iphonesimulator*]" = "";
				GCC_C_LANGUAGE_STANDARD = gnu99;
				GCC_DYNAMIC_NO_PIC = NO;
				GCC_NO_COMMON_BLOCKS = YES;
				GCC_OPTIMIZATION_LEVEL = 0;
				GCC_PREPROCESSOR_DEFINITIONS = (
					"DEBUG=1",
					"$(inherited)",
				);
				GCC_SYMBOLS_PRIVATE_EXTERN = NO;
				GCC_WARN_64_TO_32_BIT_CONVERSION = YES;
				GCC_WARN_ABOUT_RETURN_TYPE = YES_ERROR;
				GCC_WARN_UNDECLARED_SELECTOR = YES;
				GCC_WARN_UNINITIALIZED_AUTOS = YES_AGGRESSIVE;
				GCC_WARN_UNUSED_FUNCTION = YES;
				GCC_WARN_UNUSED_VARIABLE = YES;
				IPHONEOS_DEPLOYMENT_TARGET = 12.4;
				LD_RUNPATH_SEARCH_PATHS = (
					/usr/lib/swift,
					"$(inherited)",
				);
				LIBRARY_SEARCH_PATHS = (
					"\"$(SDKROOT)/usr/lib/swift\"",
					"\"$(TOOLCHAIN_DIR)/usr/lib/swift/$(PLATFORM_NAME)\"",
					"\"$(inherited)\"",
				);
				MTL_ENABLE_DEBUG_INFO = YES;
				ONLY_ACTIVE_ARCH = YES;
				OTHER_CPLUSPLUSFLAGS = (
					"$(OTHER_CFLAGS)",
					"-DFOLLY_NO_CONFIG",
					"-DFOLLY_MOBILE=1",
					"-DFOLLY_USE_LIBCPP=1",
				);
				SDKROOT = iphoneos;
			};
			name = Debug;
		};
		83CBBA211A601CBA00E9B192 /* Release */ = {
			isa = XCBuildConfiguration;
			buildSettings = {
				ALWAYS_SEARCH_USER_PATHS = NO;
				CLANG_ANALYZER_LOCALIZABILITY_NONLOCALIZED = YES;
				CLANG_CXX_LANGUAGE_STANDARD = "c++17";
				CLANG_CXX_LIBRARY = "libc++";
				CLANG_ENABLE_MODULES = YES;
				CLANG_ENABLE_OBJC_ARC = YES;
				CLANG_WARN_BLOCK_CAPTURE_AUTORELEASING = YES;
				CLANG_WARN_BOOL_CONVERSION = YES;
				CLANG_WARN_COMMA = YES;
				CLANG_WARN_CONSTANT_CONVERSION = YES;
				CLANG_WARN_DEPRECATED_OBJC_IMPLEMENTATIONS = YES;
				CLANG_WARN_DIRECT_OBJC_ISA_USAGE = YES_ERROR;
				CLANG_WARN_EMPTY_BODY = YES;
				CLANG_WARN_ENUM_CONVERSION = YES;
				CLANG_WARN_INFINITE_RECURSION = YES;
				CLANG_WARN_INT_CONVERSION = YES;
				CLANG_WARN_NON_LITERAL_NULL_CONVERSION = YES;
				CLANG_WARN_OBJC_IMPLICIT_RETAIN_SELF = YES;
				CLANG_WARN_OBJC_LITERAL_CONVERSION = YES;
				CLANG_WARN_OBJC_ROOT_CLASS = YES_ERROR;
				CLANG_WARN_QUOTED_INCLUDE_IN_FRAMEWORK_HEADER = YES;
				CLANG_WARN_RANGE_LOOP_ANALYSIS = YES;
				CLANG_WARN_STRICT_PROTOTYPES = YES;
				CLANG_WARN_SUSPICIOUS_MOVE = YES;
				CLANG_WARN_UNREACHABLE_CODE = YES;
				CLANG_WARN__DUPLICATE_METHOD_MATCH = YES;
				"CODE_SIGN_IDENTITY[sdk=iphoneos*]" = "iPhone Developer";
				COPY_PHASE_STRIP = YES;
				ENABLE_NS_ASSERTIONS = NO;
				ENABLE_STRICT_OBJC_MSGSEND = YES;
				"EXCLUDED_ARCHS[sdk=iphonesimulator*]" = "";
				GCC_C_LANGUAGE_STANDARD = gnu99;
				GCC_NO_COMMON_BLOCKS = YES;
				GCC_WARN_64_TO_32_BIT_CONVERSION = YES;
				GCC_WARN_ABOUT_RETURN_TYPE = YES_ERROR;
				GCC_WARN_UNDECLARED_SELECTOR = YES;
				GCC_WARN_UNINITIALIZED_AUTOS = YES_AGGRESSIVE;
				GCC_WARN_UNUSED_FUNCTION = YES;
				GCC_WARN_UNUSED_VARIABLE = YES;
				IPHONEOS_DEPLOYMENT_TARGET = 12.4;
				LD_RUNPATH_SEARCH_PATHS = (
					/usr/lib/swift,
					"$(inherited)",
				);
				LIBRARY_SEARCH_PATHS = (
					"\"$(SDKROOT)/usr/lib/swift\"",
					"\"$(TOOLCHAIN_DIR)/usr/lib/swift/$(PLATFORM_NAME)\"",
					"\"$(inherited)\"",
				);
				MTL_ENABLE_DEBUG_INFO = NO;
				OTHER_CPLUSPLUSFLAGS = (
					"$(OTHER_CFLAGS)",
					"-DFOLLY_NO_CONFIG",
					"-DFOLLY_MOBILE=1",
					"-DFOLLY_USE_LIBCPP=1",
				);
				SDKROOT = iphoneos;
				VALIDATE_PRODUCT = YES;
			};
			name = Release;
		};
/* End XCBuildConfiguration section */

/* Begin XCConfigurationList section */
		00E357021AD99517003FC87E /* Build configuration list for PBXNativeTarget "GoGoTravelAppTests" */ = {
			isa = XCConfigurationList;
			buildConfigurations = (
				00E356F61AD99517003FC87E /* Debug */,
				00E356F71AD99517003FC87E /* Release */,
			);
			defaultConfigurationIsVisible = 0;
			defaultConfigurationName = Release;
		};
		13B07F931A680F5B00A75B9A /* Build configuration list for PBXNativeTarget "GoGoTravelApp" */ = {
			isa = XCConfigurationList;
			buildConfigurations = (
				13B07F941A680F5B00A75B9A /* Debug */,
				13B07F951A680F5B00A75B9A /* Release */,
			);
			defaultConfigurationIsVisible = 0;
			defaultConfigurationName = Release;
		};
		83CBB9FA1A601CBA00E9B192 /* Build configuration list for PBXProject "GoGoTravelApp" */ = {
			isa = XCConfigurationList;
			buildConfigurations = (
				83CBBA201A601CBA00E9B192 /* Debug */,
				83CBBA211A601CBA00E9B192 /* Release */,
			);
			defaultConfigurationIsVisible = 0;
			defaultConfigurationName = Release;
		};
/* End XCConfigurationList section */
	};
	rootObject = 83CBB9F71A601CBA00E9B192 /* Project object */;
}
